
Microsoft Visual Studio Solution File, Format Version 12.00
# Visual Studio 15
VisualStudioVersion = 15.0.26124.0
MinimumVisualStudioVersion = 15.0.26124.0
Project("{2150E333-8FDC-42A3-9474-1A3956D46DE8}") = "src", "src", "{EAC68D5E-4EB5-4A6C-BA7A-D60C0E884289}"
EndProject
Project("{FAE04EC0-301F-11D3-BF4B-00C04F79EFBC}") = "Parsers", "src\Parsers\Parsers.csproj", "{D6CA5BB3-87FB-4CD0-BEA3-ADB9B359B303}"
EndProject
Project("{FAE04EC0-301F-11D3-BF4B-00C04F79EFBC}") = "ProfileApp", "src\ProfileApp\ProfileApp.csproj", "{CB64E29A-B65E-4C0B-BA75-1C1637C2FF75}"
EndProject
Project("{FAE04EC0-301F-11D3-BF4B-00C04F79EFBC}") = "UfoWeb", "src\UfoWeb\UfoWeb.csproj", "{314F5CEE-A648-4C10-8E03-F2E30E6380E5}"
EndProject
Project("{FAE04EC0-301F-11D3-BF4B-00C04F79EFBC}") = "Utils", "src\Utils\Utils.csproj", "{E03536A3-EB34-4CD9-B1AC-E4059258276C}"
EndProject
Project("{FAE04EC0-301F-11D3-BF4B-00C04F79EFBC}") = "JaegerTracing", "src\JaegerTracing\JaegerTracing.csproj", "{2D1703F0-290C-43E0-A61B-7F028FC11EF6}"
EndProject
Project("{2150E333-8FDC-42A3-9474-1A3956D46DE8}") = "test", "test", "{A4B1737E-4689-490F-AB6E-DFA0BAA58668}"
EndProject
Project("{FAE04EC0-301F-11D3-BF4B-00C04F79EFBC}") = "Parsers.Tests", "test\Parsers.Tests\Parsers.Tests.csproj", "{398E29AE-301B-4F7E-820A-B0F080EDE108}"
EndProject
Project("{FAE04EC0-301F-11D3-BF4B-00C04F79EFBC}") = "Benchmarks", "src\Benchmarks\Benchmarks.csproj", "{DE375A7A-B0C0-4328-B973-586CBE5AC97E}"
EndProject
Global
	GlobalSection(SolutionConfigurationPlatforms) = preSolution
		Debug|Any CPU = Debug|Any CPU
		Debug|x64 = Debug|x64
		Debug|x86 = Debug|x86
		Release|Any CPU = Release|Any CPU
		Release|x64 = Release|x64
		Release|x86 = Release|x86
	EndGlobalSection
	GlobalSection(SolutionProperties) = preSolution
		HideSolutionNode = FALSE
	EndGlobalSection
	GlobalSection(ProjectConfigurationPlatforms) = postSolution
		{D6CA5BB3-87FB-4CD0-BEA3-ADB9B359B303}.Debug|Any CPU.ActiveCfg = Debug|Any CPU
		{D6CA5BB3-87FB-4CD0-BEA3-ADB9B359B303}.Debug|Any CPU.Build.0 = Debug|Any CPU
		{D6CA5BB3-87FB-4CD0-BEA3-ADB9B359B303}.Debug|x64.ActiveCfg = Debug|Any CPU
		{D6CA5BB3-87FB-4CD0-BEA3-ADB9B359B303}.Debug|x64.Build.0 = Debug|Any CPU
		{D6CA5BB3-87FB-4CD0-BEA3-ADB9B359B303}.Debug|x86.ActiveCfg = Debug|Any CPU
		{D6CA5BB3-87FB-4CD0-BEA3-ADB9B359B303}.Debug|x86.Build.0 = Debug|Any CPU
		{D6CA5BB3-87FB-4CD0-BEA3-ADB9B359B303}.Release|Any CPU.ActiveCfg = Release|Any CPU
		{D6CA5BB3-87FB-4CD0-BEA3-ADB9B359B303}.Release|Any CPU.Build.0 = Release|Any CPU
		{D6CA5BB3-87FB-4CD0-BEA3-ADB9B359B303}.Release|x64.ActiveCfg = Release|Any CPU
		{D6CA5BB3-87FB-4CD0-BEA3-ADB9B359B303}.Release|x64.Build.0 = Release|Any CPU
		{D6CA5BB3-87FB-4CD0-BEA3-ADB9B359B303}.Release|x86.ActiveCfg = Release|Any CPU
		{D6CA5BB3-87FB-4CD0-BEA3-ADB9B359B303}.Release|x86.Build.0 = Release|Any CPU
		{CB64E29A-B65E-4C0B-BA75-1C1637C2FF75}.Debug|Any CPU.ActiveCfg = Debug|Any CPU
		{CB64E29A-B65E-4C0B-BA75-1C1637C2FF75}.Debug|Any CPU.Build.0 = Debug|Any CPU
		{CB64E29A-B65E-4C0B-BA75-1C1637C2FF75}.Debug|x64.ActiveCfg = Debug|Any CPU
		{CB64E29A-B65E-4C0B-BA75-1C1637C2FF75}.Debug|x64.Build.0 = Debug|Any CPU
		{CB64E29A-B65E-4C0B-BA75-1C1637C2FF75}.Debug|x86.ActiveCfg = Debug|Any CPU
		{CB64E29A-B65E-4C0B-BA75-1C1637C2FF75}.Debug|x86.Build.0 = Debug|Any CPU
		{CB64E29A-B65E-4C0B-BA75-1C1637C2FF75}.Release|Any CPU.ActiveCfg = Release|Any CPU
		{CB64E29A-B65E-4C0B-BA75-1C1637C2FF75}.Release|Any CPU.Build.0 = Release|Any CPU
		{CB64E29A-B65E-4C0B-BA75-1C1637C2FF75}.Release|x64.ActiveCfg = Release|Any CPU
		{CB64E29A-B65E-4C0B-BA75-1C1637C2FF75}.Release|x64.Build.0 = Release|Any CPU
		{CB64E29A-B65E-4C0B-BA75-1C1637C2FF75}.Release|x86.ActiveCfg = Release|Any CPU
		{CB64E29A-B65E-4C0B-BA75-1C1637C2FF75}.Release|x86.Build.0 = Release|Any CPU
		{314F5CEE-A648-4C10-8E03-F2E30E6380E5}.Debug|Any CPU.ActiveCfg = Debug|Any CPU
		{314F5CEE-A648-4C10-8E03-F2E30E6380E5}.Debug|Any CPU.Build.0 = Debug|Any CPU
		{314F5CEE-A648-4C10-8E03-F2E30E6380E5}.Debug|x64.ActiveCfg = Debug|Any CPU
		{314F5CEE-A648-4C10-8E03-F2E30E6380E5}.Debug|x64.Build.0 = Debug|Any CPU
		{314F5CEE-A648-4C10-8E03-F2E30E6380E5}.Debug|x86.ActiveCfg = Debug|Any CPU
		{314F5CEE-A648-4C10-8E03-F2E30E6380E5}.Debug|x86.Build.0 = Debug|Any CPU
		{314F5CEE-A648-4C10-8E03-F2E30E6380E5}.Release|Any CPU.ActiveCfg = Release|Any CPU
		{314F5CEE-A648-4C10-8E03-F2E30E6380E5}.Release|Any CPU.Build.0 = Release|Any CPU
		{314F5CEE-A648-4C10-8E03-F2E30E6380E5}.Release|x64.ActiveCfg = Release|Any CPU
		{314F5CEE-A648-4C10-8E03-F2E30E6380E5}.Release|x64.Build.0 = Release|Any CPU
		{314F5CEE-A648-4C10-8E03-F2E30E6380E5}.Release|x86.ActiveCfg = Release|Any CPU
		{314F5CEE-A648-4C10-8E03-F2E30E6380E5}.Release|x86.Build.0 = Release|Any CPU
		{E03536A3-EB34-4CD9-B1AC-E4059258276C}.Debug|Any CPU.ActiveCfg = Debug|Any CPU
		{E03536A3-EB34-4CD9-B1AC-E4059258276C}.Debug|Any CPU.Build.0 = Debug|Any CPU
		{E03536A3-EB34-4CD9-B1AC-E4059258276C}.Debug|x64.ActiveCfg = Debug|Any CPU
		{E03536A3-EB34-4CD9-B1AC-E4059258276C}.Debug|x64.Build.0 = Debug|Any CPU
		{E03536A3-EB34-4CD9-B1AC-E4059258276C}.Debug|x86.ActiveCfg = Debug|Any CPU
		{E03536A3-EB34-4CD9-B1AC-E4059258276C}.Debug|x86.Build.0 = Debug|Any CPU
		{E03536A3-EB34-4CD9-B1AC-E4059258276C}.Release|Any CPU.ActiveCfg = Release|Any CPU
		{E03536A3-EB34-4CD9-B1AC-E4059258276C}.Release|Any CPU.Build.0 = Release|Any CPU
		{E03536A3-EB34-4CD9-B1AC-E4059258276C}.Release|x64.ActiveCfg = Release|Any CPU
		{E03536A3-EB34-4CD9-B1AC-E4059258276C}.Release|x64.Build.0 = Release|Any CPU
		{E03536A3-EB34-4CD9-B1AC-E4059258276C}.Release|x86.ActiveCfg = Release|Any CPU
		{E03536A3-EB34-4CD9-B1AC-E4059258276C}.Release|x86.Build.0 = Release|Any CPU
		{2D1703F0-290C-43E0-A61B-7F028FC11EF6}.Debug|Any CPU.ActiveCfg = Debug|Any CPU
		{2D1703F0-290C-43E0-A61B-7F028FC11EF6}.Debug|Any CPU.Build.0 = Debug|Any CPU
		{2D1703F0-290C-43E0-A61B-7F028FC11EF6}.Debug|x64.ActiveCfg = Debug|Any CPU
		{2D1703F0-290C-43E0-A61B-7F028FC11EF6}.Debug|x64.Build.0 = Debug|Any CPU
		{2D1703F0-290C-43E0-A61B-7F028FC11EF6}.Debug|x86.ActiveCfg = Debug|Any CPU
		{2D1703F0-290C-43E0-A61B-7F028FC11EF6}.Debug|x86.Build.0 = Debug|Any CPU
		{2D1703F0-290C-43E0-A61B-7F028FC11EF6}.Release|Any CPU.ActiveCfg = Release|Any CPU
		{2D1703F0-290C-43E0-A61B-7F028FC11EF6}.Release|Any CPU.Build.0 = Release|Any CPU
		{2D1703F0-290C-43E0-A61B-7F028FC11EF6}.Release|x64.ActiveCfg = Release|Any CPU
		{2D1703F0-290C-43E0-A61B-7F028FC11EF6}.Release|x64.Build.0 = Release|Any CPU
		{2D1703F0-290C-43E0-A61B-7F028FC11EF6}.Release|x86.ActiveCfg = Release|Any CPU
		{2D1703F0-290C-43E0-A61B-7F028FC11EF6}.Release|x86.Build.0 = Release|Any CPU
		{398E29AE-301B-4F7E-820A-B0F080EDE108}.Debug|Any CPU.ActiveCfg = Debug|Any CPU
		{398E29AE-301B-4F7E-820A-B0F080EDE108}.Debug|Any CPU.Build.0 = Debug|Any CPU
		{398E29AE-301B-4F7E-820A-B0F080EDE108}.Debug|x64.ActiveCfg = Debug|Any CPU
		{398E29AE-301B-4F7E-820A-B0F080EDE108}.Debug|x64.Build.0 = Debug|Any CPU
		{398E29AE-301B-4F7E-820A-B0F080EDE108}.Debug|x86.ActiveCfg = Debug|Any CPU
		{398E29AE-301B-4F7E-820A-B0F080EDE108}.Debug|x86.Build.0 = Debug|Any CPU
		{398E29AE-301B-4F7E-820A-B0F080EDE108}.Release|Any CPU.ActiveCfg = Release|Any CPU
		{398E29AE-301B-4F7E-820A-B0F080EDE108}.Release|Any CPU.Build.0 = Release|Any CPU
		{398E29AE-301B-4F7E-820A-B0F080EDE108}.Release|x64.ActiveCfg = Release|Any CPU
		{398E29AE-301B-4F7E-820A-B0F080EDE108}.Release|x64.Build.0 = Release|Any CPU
		{398E29AE-301B-4F7E-820A-B0F080EDE108}.Release|x86.ActiveCfg = Release|Any CPU
		{398E29AE-301B-4F7E-820A-B0F080EDE108}.Release|x86.Build.0 = Release|Any CPU
		{DE375A7A-B0C0-4328-B973-586CBE5AC97E}.Debug|Any CPU.ActiveCfg = Debug|Any CPU
		{DE375A7A-B0C0-4328-B973-586CBE5AC97E}.Debug|Any CPU.Build.0 = Debug|Any CPU
		{DE375A7A-B0C0-4328-B973-586CBE5AC97E}.Debug|x64.ActiveCfg = Debug|Any CPU
		{DE375A7A-B0C0-4328-B973-586CBE5AC97E}.Debug|x64.Build.0 = Debug|Any CPU
		{DE375A7A-B0C0-4328-B973-586CBE5AC97E}.Debug|x86.ActiveCfg = Debug|Any CPU
		{DE375A7A-B0C0-4328-B973-586CBE5AC97E}.Debug|x86.Build.0 = Debug|Any CPU
		{DE375A7A-B0C0-4328-B973-586CBE5AC97E}.Release|Any CPU.ActiveCfg = Release|Any CPU
		{DE375A7A-B0C0-4328-B973-586CBE5AC97E}.Release|Any CPU.Build.0 = Release|Any CPU
		{DE375A7A-B0C0-4328-B973-586CBE5AC97E}.Release|x64.ActiveCfg = Release|Any CPU
		{DE375A7A-B0C0-4328-B973-586CBE5AC97E}.Release|x64.Build.0 = Release|Any CPU
		{DE375A7A-B0C0-4328-B973-586CBE5AC97E}.Release|x86.ActiveCfg = Release|Any CPU
		{DE375A7A-B0C0-4328-B973-586CBE5AC97E}.Release|x86.Build.0 = Release|Any CPU
	EndGlobalSection
	GlobalSection(NestedProjects) = preSolution
		{D6CA5BB3-87FB-4CD0-BEA3-ADB9B359B303} = {EAC68D5E-4EB5-4A6C-BA7A-D60C0E884289}
		{CB64E29A-B65E-4C0B-BA75-1C1637C2FF75} = {EAC68D5E-4EB5-4A6C-BA7A-D60C0E884289}
		{314F5CEE-A648-4C10-8E03-F2E30E6380E5} = {EAC68D5E-4EB5-4A6C-BA7A-D60C0E884289}
		{E03536A3-EB34-4CD9-B1AC-E4059258276C} = {EAC68D5E-4EB5-4A6C-BA7A-D60C0E884289}
		{2D1703F0-290C-43E0-A61B-7F028FC11EF6} = {EAC68D5E-4EB5-4A6C-BA7A-D60C0E884289}
		{398E29AE-301B-4F7E-820A-B0F080EDE108} = {A4B1737E-4689-490F-AB6E-DFA0BAA58668}
		{DE375A7A-B0C0-4328-B973-586CBE5AC97E} = {EAC68D5E-4EB5-4A6C-BA7A-D60C0E884289}
	EndGlobalSection
EndGlobal
